
Microsoft Visual Studio Solution File, Format Version 12.00
# Visual Studio Version 16
VisualStudioVersion = 16.0.28922.388
MinimumVisualStudioVersion = 10.0.40219.1
Project("{FAE04EC0-301F-11D3-BF4B-00C04F79EFBC}") = "SystemModels", "SystemModels\SystemModels.csproj", "{E288F56D-7475-4640-B301-2B4F8E88146B}"
EndProject
Project("{FAE04EC0-301F-11D3-BF4B-00C04F79EFBC}") = "SystemViewModels", "SystemViewModels\SystemViewModels.csproj", "{139865BA-64CB-4165-92FE-A98085A56A33}"
EndProject
Project("{FAE04EC0-301F-11D3-BF4B-00C04F79EFBC}") = "DeviceManagement", "DeviceManagement\DeviceManagement.csproj", "{A0C3C1F3-F8E0-41A7-8AD8-A10AB99EA90A}"
EndProject
Project("{FAE04EC0-301F-11D3-BF4B-00C04F79EFBC}") = "SystemInterfaces", "SystemInterfaces\SystemInterfaces.csproj", "{CB0053BC-7252-44F4-A524-9DF21215F735}"
EndProject
Project("{FAE04EC0-301F-11D3-BF4B-00C04F79EFBC}") = "SystemStores", "SystemStores\SystemStores.csproj", "{2235D008-7138-45B3-BB53-400F24A4C615}"
EndProject
Project("{FAE04EC0-301F-11D3-BF4B-00C04F79EFBC}") = "SystemUnitOfWork", "SystemUnitOfWork\SystemUnitOfWork.csproj", "{43005E9A-B659-4E8D-B4CB-74F1AC68818D}"
EndProject
Project("{FAE04EC0-301F-11D3-BF4B-00C04F79EFBC}") = "SystemServices", "SystemServices\SystemServices.csproj", "{2A3CB19F-6671-411E-934E-3B49F8FFCAA0}"
EndProject
Project("{FAE04EC0-301F-11D3-BF4B-00C04F79EFBC}") = "SystemDatabase", "SystemDatabase\SystemDatabase.csproj", "{C090BEC7-D1DF-404E-858A-FC80436C3BD4}"
EndProject
Project("{FAE04EC0-301F-11D3-BF4B-00C04F79EFBC}") = "AttendanceManagementSystem", "AttendanceManagementSystem\AttendanceManagementSystem.csproj", "{140A7DB7-EA5E-4AA5-906C-BB79B8D401A4}"
EndProject
Project("{FAE04EC0-301F-11D3-BF4B-00C04F79EFBC}") = "LanguageResources", "LanguageResources\LanguageResources.csproj", "{72A4CE27-E7A8-4071-A7BC-0C3C6953A04A}"
EndProject
Global
	GlobalSection(SolutionConfigurationPlatforms) = preSolution
		Debug|Any CPU = Debug|Any CPU
		Release|Any CPU = Release|Any CPU
	EndGlobalSection
	GlobalSection(ProjectConfigurationPlatforms) = postSolution
		{E288F56D-7475-4640-B301-2B4F8E88146B}.Debug|Any CPU.ActiveCfg = Debug|Any CPU
		{E288F56D-7475-4640-B301-2B4F8E88146B}.Debug|Any CPU.Build.0 = Debug|Any CPU
		{E288F56D-7475-4640-B301-2B4F8E88146B}.Release|Any CPU.ActiveCfg = Release|Any CPU
		{E288F56D-7475-4640-B301-2B4F8E88146B}.Release|Any CPU.Build.0 = Release|Any CPU
		{139865BA-64CB-4165-92FE-A98085A56A33}.Debug|Any CPU.ActiveCfg = Debug|Any CPU
		{139865BA-64CB-4165-92FE-A98085A56A33}.Debug|Any CPU.Build.0 = Debug|Any CPU
		{139865BA-64CB-4165-92FE-A98085A56A33}.Release|Any CPU.ActiveCfg = Release|Any CPU
		{139865BA-64CB-4165-92FE-A98085A56A33}.Release|Any CPU.Build.0 = Release|Any CPU
		{A0C3C1F3-F8E0-41A7-8AD8-A10AB99EA90A}.Debug|Any CPU.ActiveCfg = Debug|Any CPU
		{A0C3C1F3-F8E0-41A7-8AD8-A10AB99EA90A}.Debug|Any CPU.Build.0 = Debug|Any CPU
		{A0C3C1F3-F8E0-41A7-8AD8-A10AB99EA90A}.Release|Any CPU.ActiveCfg = Release|Any CPU
		{A0C3C1F3-F8E0-41A7-8AD8-A10AB99EA90A}.Release|Any CPU.Build.0 = Release|Any CPU
		{CB0053BC-7252-44F4-A524-9DF21215F735}.Debug|Any CPU.ActiveCfg = Debug|Any CPU
		{CB0053BC-7252-44F4-A524-9DF21215F735}.Debug|Any CPU.Build.0 = Debug|Any CPU
		{CB0053BC-7252-44F4-A524-9DF21215F735}.Release|Any CPU.ActiveCfg = Release|Any CPU
		{CB0053BC-7252-44F4-A524-9DF21215F735}.Release|Any CPU.Build.0 = Release|Any CPU
		{2235D008-7138-45B3-BB53-400F24A4C615}.Debug|Any CPU.ActiveCfg = Debug|Any CPU
		{2235D008-7138-45B3-BB53-400F24A4C615}.Debug|Any CPU.Build.0 = Debug|Any CPU
		{2235D008-7138-45B3-BB53-400F24A4C615}.Release|Any CPU.ActiveCfg = Release|Any CPU
		{2235D008-7138-45B3-BB53-400F24A4C615}.Release|Any CPU.Build.0 = Release|Any CPU
		{43005E9A-B659-4E8D-B4CB-74F1AC68818D}.Debug|Any CPU.ActiveCfg = Debug|Any CPU
		{43005E9A-B659-4E8D-B4CB-74F1AC68818D}.Debug|Any CPU.Build.0 = Debug|Any CPU
		{43005E9A-B659-4E8D-B4CB-74F1AC68818D}.Release|Any CPU.ActiveCfg = Release|Any CPU
		{43005E9A-B659-4E8D-B4CB-74F1AC68818D}.Release|Any CPU.Build.0 = Release|Any CPU
		{2A3CB19F-6671-411E-934E-3B49F8FFCAA0}.Debug|Any CPU.ActiveCfg = Debug|Any CPU
		{2A3CB19F-6671-411E-934E-3B49F8FFCAA0}.Debug|Any CPU.Build.0 = Debug|Any CPU
		{2A3CB19F-6671-411E-934E-3B49F8FFCAA0}.Release|Any CPU.ActiveCfg = Release|Any CPU
		{2A3CB19F-6671-411E-934E-3B49F8FFCAA0}.Release|Any CPU.Build.0 = Release|Any CPU
		{C090BEC7-D1DF-404E-858A-FC80436C3BD4}.Debug|Any CPU.ActiveCfg = Debug|Any CPU
		{C090BEC7-D1DF-404E-858A-FC80436C3BD4}.Debug|Any CPU.Build.0 = Debug|Any CPU
		{C090BEC7-D1DF-404E-858A-FC80436C3BD4}.Release|Any CPU.ActiveCfg = Release|Any CPU
		{C090BEC7-D1DF-404E-858A-FC80436C3BD4}.Release|Any CPU.Build.0 = Release|Any CPU
		{140A7DB7-EA5E-4AA5-906C-BB79B8D401A4}.Debug|Any CPU.ActiveCfg = Debug|Any CPU
		{140A7DB7-EA5E-4AA5-906C-BB79B8D401A4}.Debug|Any CPU.Build.0 = Debug|Any CPU
		{140A7DB7-EA5E-4AA5-906C-BB79B8D401A4}.Release|Any CPU.ActiveCfg = Release|Any CPU
		{140A7DB7-EA5E-4AA5-906C-BB79B8D401A4}.Release|Any CPU.Build.0 = Release|Any CPU
		{72A4CE27-E7A8-4071-A7BC-0C3C6953A04A}.Debug|Any CPU.ActiveCfg = Debug|Any CPU
		{72A4CE27-E7A8-4071-A7BC-0C3C6953A04A}.Debug|Any CPU.Build.0 = Debug|Any CPU
		{72A4CE27-E7A8-4071-A7BC-0C3C6953A04A}.Release|Any CPU.ActiveCfg = Release|Any CPU
		{72A4CE27-E7A8-4071-A7BC-0C3C6953A04A}.Release|Any CPU.Build.0 = Release|Any CPU
	EndGlobalSection
	GlobalSection(SolutionProperties) = preSolution
		HideSolutionNode = FALSE
	EndGlobalSection
	GlobalSection(ExtensibilityGlobals) = postSolution
		SolutionGuid = {581E3127-C5A1-4B22-8BBF-61369263A5FE}
	EndGlobalSection
EndGlobal
